
Microsoft Visual Studio Solution File, Format Version 12.00
# Visual Studio Version 17
VisualStudioVersion = 17.13.35818.85
MinimumVisualStudioVersion = 10.0.40219.1
Project("{FAE04EC0-301F-11D3-BF4B-00C04F79EFBC}") = "Esms.Scm.WebApi", "Esms.Scm.WebApi\Esms.Scm.WebApi.csproj", "{295101EC-3D3C-4642-85B2-4B850970AC52}"
EndProject
Project("{FAE04EC0-301F-11D3-BF4B-00C04F79EFBC}") = "Esms.Scm.Application", "Esms.Scm.Application\Esms.Scm.Application.csproj", "{DEC33B75-3EFC-4131-B1FB-8595E1C552D1}"
EndProject
Project("{FAE04EC0-301F-11D3-BF4B-00C04F79EFBC}") = "Esms.Scm.Application.Contracts", "Esms.Scm.Application.Contracts\Esms.Scm.Application.Contracts.csproj", "{1A6EB2E8-F832-495A-8404-9DC766759404}"
EndProject
Project("{FAE04EC0-301F-11D3-BF4B-00C04F79EFBC}") = "Esms.Scm.Domain", "Esms.Scm.Domain\Esms.Scm.Domain.csproj", "{B09E492B-85A0-4D27-99DB-27ACF4BF8EEE}"
EndProject
Project("{FAE04EC0-301F-11D3-BF4B-00C04F79EFBC}") = "Esms.Scm.Domain.Shared", "Esms.Scm.Domain.Shared\Esms.Scm.Domain.Shared.csproj", "{6E4C8416-4643-4A0E-99BB-50C71C815C06}"
EndProject
Global
	GlobalSection(SolutionConfigurationPlatforms) = preSolution
		Debug|Any CPU = Debug|Any CPU
		Release|Any CPU = Release|Any CPU
	EndGlobalSection
	GlobalSection(ProjectConfigurationPlatforms) = postSolution
		{295101EC-3D3C-4642-85B2-4B850970AC52}.Debug|Any CPU.ActiveCfg = Debug|Any CPU
		{295101EC-3D3C-4642-85B2-4B850970AC52}.Debug|Any CPU.Build.0 = Debug|Any CPU
		{295101EC-3D3C-4642-85B2-4B850970AC52}.Release|Any CPU.ActiveCfg = Release|Any CPU
		{295101EC-3D3C-4642-85B2-4B850970AC52}.Release|Any CPU.Build.0 = Release|Any CPU
		{DEC33B75-3EFC-4131-B1FB-8595E1C552D1}.Debug|Any CPU.ActiveCfg = Debug|Any CPU
		{DEC33B75-3EFC-4131-B1FB-8595E1C552D1}.Debug|Any CPU.Build.0 = Debug|Any CPU
		{DEC33B75-3EFC-4131-B1FB-8595E1C552D1}.Release|Any CPU.ActiveCfg = Release|Any CPU
		{DEC33B75-3EFC-4131-B1FB-8595E1C552D1}.Release|Any CPU.Build.0 = Release|Any CPU
		{1A6EB2E8-F832-495A-8404-9DC766759404}.Debug|Any CPU.ActiveCfg = Debug|Any CPU
		{1A6EB2E8-F832-495A-8404-9DC766759404}.Debug|Any CPU.Build.0 = Debug|Any CPU
		{1A6EB2E8-F832-495A-8404-9DC766759404}.Release|Any CPU.ActiveCfg = Release|Any CPU
		{1A6EB2E8-F832-495A-8404-9DC766759404}.Release|Any CPU.Build.0 = Release|Any CPU
		{B09E492B-85A0-4D27-99DB-27ACF4BF8EEE}.Debug|Any CPU.ActiveCfg = Debug|Any CPU
		{B09E492B-85A0-4D27-99DB-27ACF4BF8EEE}.Debug|Any CPU.Build.0 = Debug|Any CPU
		{B09E492B-85A0-4D27-99DB-27ACF4BF8EEE}.Release|Any CPU.ActiveCfg = Release|Any CPU
		{B09E492B-85A0-4D27-99DB-27ACF4BF8EEE}.Release|Any CPU.Build.0 = Release|Any CPU
		{6E4C8416-4643-4A0E-99BB-50C71C815C06}.Debug|Any CPU.ActiveCfg = Debug|Any CPU
		{6E4C8416-4643-4A0E-99BB-50C71C815C06}.Debug|Any CPU.Build.0 = Debug|Any CPU
		{6E4C8416-4643-4A0E-99BB-50C71C815C06}.Release|Any CPU.ActiveCfg = Release|Any CPU
		{6E4C8416-4643-4A0E-99BB-50C71C815C06}.Release|Any CPU.Build.0 = Release|Any CPU
	EndGlobalSection
	GlobalSection(SolutionProperties) = preSolution
		HideSolutionNode = FALSE
	EndGlobalSection
	GlobalSection(ExtensibilityGlobals) = postSolution
		SolutionGuid = {0D226D67-D6CB-4153-8976-CA90A4EC5FC0}
	EndGlobalSection
EndGlobal
